
Microsoft Visual Studio Solution File, Format Version 12.00
# Visual Studio Version 17
VisualStudioVersion = 17.9.34701.34
MinimumVisualStudioVersion = 10.0.40219.1
Project("{FAE04EC0-301F-11D3-BF4B-00C04F79EFBC}") = "JWT_Ref", "JWT_Ref\JWT_Ref.csproj", "{C6637CF7-EC69-424B-B0C2-37218A7FB4B3}"
EndProject
Global
	GlobalSection(SolutionConfigurationPlatforms) = preSolution
		Debug|Any CPU = Debug|Any CPU
		Release|Any CPU = Release|Any CPU
	EndGlobalSection
	GlobalSection(ProjectConfigurationPlatforms) = postSolution
		{C6637CF7-EC69-424B-B0C2-37218A7FB4B3}.Debug|Any CPU.ActiveCfg = Debug|Any CPU
		{C6637CF7-EC69-424B-B0C2-37218A7FB4B3}.Debug|Any CPU.Build.0 = Debug|Any CPU
		{C6637CF7-EC69-424B-B0C2-37218A7FB4B3}.Release|Any CPU.ActiveCfg = Release|Any CPU
		{C6637CF7-EC69-424B-B0C2-37218A7FB4B3}.Release|Any CPU.Build.0 = Release|Any CPU
	EndGlobalSection
	GlobalSection(SolutionProperties) = preSolution
		HideSolutionNode = FALSE
	EndGlobalSection
	GlobalSection(ExtensibilityGlobals) = postSolution
		SolutionGuid = {4D50D0D3-BBE3-4AE9-AA79-9E9AD13611AB}
	EndGlobalSection
EndGlobal
